
Microsoft Visual Studio Solution File, Format Version 12.00
# Visual Studio 15
VisualStudioVersion = 15.0.28307.329
MinimumVisualStudioVersion = 10.0.40219.1
Project("{FAE04EC0-301F-11D3-BF4B-00C04F79EFBC}") = "Net2_1", "Net2_1\Net2_1.csproj", "{BEE61727-4871-4E41-A4F1-B951EBE43C28}"
EndProject
Project("{FAE04EC0-301F-11D3-BF4B-00C04F79EFBC}") = "Net2_1.Test", "Net2_1.Test\Net2_1.Test.csproj", "{2D0EBB9C-CF0D-412E-A571-554EB978C1F9}"
EndProject
Global
	GlobalSection(SolutionConfigurationPlatforms) = preSolution
		Debug|Any CPU = Debug|Any CPU
		Release|Any CPU = Release|Any CPU
	EndGlobalSection
	GlobalSection(ProjectConfigurationPlatforms) = postSolution
		{BEE61727-4871-4E41-A4F1-B951EBE43C28}.Debug|Any CPU.ActiveCfg = Debug|Any CPU
		{BEE61727-4871-4E41-A4F1-B951EBE43C28}.Debug|Any CPU.Build.0 = Debug|Any CPU
		{BEE61727-4871-4E41-A4F1-B951EBE43C28}.Release|Any CPU.ActiveCfg = Release|Any CPU
		{BEE61727-4871-4E41-A4F1-B951EBE43C28}.Release|Any CPU.Build.0 = Release|Any CPU
		{2D0EBB9C-CF0D-412E-A571-554EB978C1F9}.Debug|Any CPU.ActiveCfg = Debug|Any CPU
		{2D0EBB9C-CF0D-412E-A571-554EB978C1F9}.Debug|Any CPU.Build.0 = Debug|Any CPU
		{2D0EBB9C-CF0D-412E-A571-554EB978C1F9}.Release|Any CPU.ActiveCfg = Release|Any CPU
		{2D0EBB9C-CF0D-412E-A571-554EB978C1F9}.Release|Any CPU.Build.0 = Release|Any CPU
	EndGlobalSection
	GlobalSection(SolutionProperties) = preSolution
		HideSolutionNode = FALSE
	EndGlobalSection
	GlobalSection(ExtensibilityGlobals) = postSolution
		SolutionGuid = {4272B324-989E-4792-AF64-3F8354DA2271}
	EndGlobalSection
EndGlobal
